<?xml version="1.0" encoding="utf-8"?>
<Project ToolsVersion="4.0" xmlns="http://schemas.microsoft.com/developer/msbuild/2003">
  <ItemGroup>
    <Filter Include="Source Files">
      <UniqueIdentifier>{4FC737F1-C7A5-4376-A066-2A32D752A2FF}</UniqueIdentifier>
      <Extensions>cpp;c;cc;cxx;def;odl;idl;hpj;bat;asm;asmx</Extensions>
    </Filter>
    <Filter Include="Header Files">
      <UniqueIdentifier>{93995380-89BD-4b04-88EB-625FBE52EBFB}</UniqueIdentifier>
      <Extensions>h;hh;hpp;hxx;hm;inl;inc;xsd</Extensions>
    </Filter>
    <Filter Include="Resource Files">
      <UniqueIdentifier>{67DA6AB6-F800-4c08-8B7A-83BB121AAD01}</UniqueIdentifier>
      <Extensions>rc;ico;cur;bmp;dlg;rc2;rct;bin;rgs;gif;jpg;jpeg;jpe;resx;tiff;tif;png;wav;mfcribbon-ms</Extensions>
    </Filter>
    <Filter Include="Header Files\Rendering">
      <UniqueIdentifier>{386b7131-2136-40e6-b6e5-728bdf517c9f}</UniqueIdentifier>
    </Filter>
    <Filter Include="Header Files\DataProviders">
      <UniqueIdentifier>{540cf6e7-bf97-4720-9781-8236411767bc}</UniqueIdentifier>
    </Filter>
    <Filter Include="Header Files\Input">
      <UniqueIdentifier>{c0999086-737b-4378-a9a5-173367be71d8}</UniqueIdentifier>
    </Filter>
    <Filter Include="Header Files\nativefiledialog">
      <UniqueIdentifier>{b43b5961-bb1c-49a9-bf6b-40fc871d317f}</UniqueIdentifier>
    </Filter>
    <Filter Include="Source Files\DataProviders">
      <UniqueIdentifier>{e25a937e-74d6-4c47-8f23-74232a8f92f8}</UniqueIdentifier>
    </Filter>
    <Filter Include="Source Files\Input">
      <UniqueIdentifier>{c32decf4-66e5-44c8-81a8-13ed3ffe4bd1}</UniqueIdentifier>
    </Filter>
    <Filter Include="Source Files\nativefiledialog">
      <UniqueIdentifier>{5f699a38-8757-4a14-aec2-c8f1fdcde040}</UniqueIdentifier>
    </Filter>
    <Filter Include="Source Files\Rendering">
      <UniqueIdentifier>{b1e73a94-363b-43e1-b788-ccf7fdf39cf7}</UniqueIdentifier>
    </Filter>
  </ItemGroup>
  <ItemGroup>
    <ClInclude Include="..\common.hpp">
      <Filter>Header Files</Filter>
    </ClInclude>
    <ClInclude Include="..\dataProviders\DomainParameters.h">
      <Filter>Header Files</Filter>
    </ClInclude>
    <ClInclude Include="..\loadShaders.hpp">
      <Filter>Header Files</Filter>
    </ClInclude>
    <ClInclude Include="..\rendering\ShaderProgram.hpp">
      <Filter>Header Files</Filter>
    </ClInclude>
    <ClInclude Include="..\dataProviders\vtkLegacyReader.hpp">
      <Filter>Header Files\DataProviders</Filter>
    </ClInclude>
    <ClInclude Include="..\rendering\AxesRenderer.hpp">
      <Filter>Header Files\Rendering</Filter>
    </ClInclude>
    <ClInclude Include="..\rendering\Compositor.hpp">
      <Filter>Header Files\Rendering</Filter>
    </ClInclude>
    <ClInclude Include="..\dataProviders\DataProvider.hpp">
      <Filter>Header Files\DataProviders</Filter>
    </ClInclude>
    <ClInclude Include="..\rendering\GlyphRenderer.hpp">
      <Filter>Header Files\Rendering</Filter>
    </ClInclude>
    <ClInclude Include="..\rendering\GradientRenderer.hpp">
      <Filter>Header Files\Rendering</Filter>
    </ClInclude>
    <ClInclude Include="..\input\input-mapping.hpp">
      <Filter>Header Files\Input</Filter>
    </ClInclude>
    <ClInclude Include="..\input\InputManager.hpp">
      <Filter>Header Files\Input</Filter>
    </ClInclude>
    <ClInclude Include="..\rendering\LineRenderer.hpp">
      <Filter>Header Files\Rendering</Filter>
    </ClInclude>
    <ClInclude Include="..\nativefiledialog\include\nfd.h">
      <Filter>Header Files\nativefiledialog</Filter>
    </ClInclude>
    <ClInclude Include="..\nativefiledialog\nfd_common.h">
      <Filter>Header Files\nativefiledialog</Filter>
    </ClInclude>
    <ClInclude Include="..\rendering\StreamLineRenderer.hpp">
      <Filter>Header Files\Rendering</Filter>
    </ClInclude>
    <ClInclude Include="..\rendering\RenderableComponent.hpp">
      <Filter>Header Files\Rendering</Filter>
    </ClInclude>
    <ClInclude Include="..\rendering\ProbabilitiesRenderer.hpp">
      <Filter>Header Files\Rendering</Filter>
    </ClInclude>
    <ClInclude Include="..\rendering\PointRenderer.hpp">
      <Filter>Header Files\Rendering</Filter>
    </ClInclude>
    <ClInclude Include="..\nativefiledialog\common.h">
      <Filter>Header Files\nativefiledialog</Filter>
    </ClInclude>
  </ItemGroup>
  <ItemGroup>
    <ClCompile Include="..\loadShaders.cpp">
      <Filter>Source Files</Filter>
    </ClCompile>
    <ClCompile Include="..\main.cpp">
      <Filter>Source Files</Filter>
    </ClCompile>
    <ClCompile Include="..\dataProviders\vtkLegacyReader.cpp">
      <Filter>Source Files\DataProviders</Filter>
    </ClCompile>
    <ClCompile Include="..\rendering\AxesRenderer.cpp">
      <Filter>Source Files\Rendering</Filter>
    </ClCompile>
    <ClCompile Include="..\rendering\GlyphRenderer.cpp">
      <Filter>Source Files\Rendering</Filter>
    </ClCompile>
    <ClCompile Include="..\rendering\GradientRenderer.cpp">
      <Filter>Source Files\Rendering</Filter>
    </ClCompile>
    <ClCompile Include="..\rendering\PointRenderer.cpp">
      <Filter>Source Files\Rendering</Filter>
    </ClCompile>
    <ClCompile Include="..\rendering\ProbabilitiesRenderer.cpp">
      <Filter>Source Files\Rendering</Filter>
    </ClCompile>
    <ClCompile Include="..\rendering\StreamLineRenderer.cpp">
      <Filter>Source Files\Rendering</Filter>
    </ClCompile>
    <ClCompile Include="..\rendering\RenderableComponent.cpp">
      <Filter>Source Files\Rendering</Filter>
    </ClCompile>
    <ClCompile Include="..\rendering\Compositor.cpp">
      <Filter>Source Files\Rendering</Filter>
    </ClCompile>
    <ClCompile Include="..\nativefiledialog\ndf_win.cpp">
      <Filter>Source Files\nativefiledialog</Filter>
    </ClCompile>
    <ClCompile Include="..\nativefiledialog\nfd_common.c">
      <Filter>Source Files\nativefiledialog</Filter>
    </ClCompile>
    <ClCompile Include="..\rendering\LineRenderer.cpp">
      <Filter>Source Files\Rendering</Filter>
    </ClCompile>
    <ClCompile Include="..\input\InputManager.cpp">
      <Filter>Source Files\Input</Filter>
    </ClCompile>
    <ClCompile Include="..\input\input-mapping.cpp">
      <Filter>Source Files\Input</Filter>
    </ClCompile>
  </ItemGroup>
</Project>